
Microsoft Visual Studio Solution File, Format Version 12.00
# Visual Studio 15
VisualStudioVersion = 15.0.26124.0
MinimumVisualStudioVersion = 15.0.26124.0
Project("{2150E333-8FDC-42A3-9474-1A3956D46DE8}") = "src", "src", "{FFDDA079-A67B-4228-977F-C2AF41234A6F}"
EndProject
Project("{2150E333-8FDC-42A3-9474-1A3956D46DE8}") = "Identity", "Identity", "{F1BDA8E1-AFE2-412A-88BC-245F80E5C264}"
EndProject
Project("{FAE04EC0-301F-11D3-BF4B-00C04F79EFBC}") = "Identity.Api", "src\Identity\Identity.Api\Identity.Api.csproj", "{97CDF981-FA15-47B3-BBC3-6FBC32675054}"
EndProject
Global
	GlobalSection(SolutionConfigurationPlatforms) = preSolution
		Debug|Any CPU = Debug|Any CPU
		Debug|x64 = Debug|x64
		Debug|x86 = Debug|x86
		Release|Any CPU = Release|Any CPU
		Release|x64 = Release|x64
		Release|x86 = Release|x86
	EndGlobalSection
	GlobalSection(SolutionProperties) = preSolution
		HideSolutionNode = FALSE
	EndGlobalSection
	GlobalSection(ProjectConfigurationPlatforms) = postSolution		
		{97CDF981-FA15-47B3-BBC3-6FBC32675054}.Debug|Any CPU.ActiveCfg = Debug|Any CPU
		{97CDF981-FA15-47B3-BBC3-6FBC32675054}.Debug|Any CPU.Build.0 = Debug|Any CPU
		{97CDF981-FA15-47B3-BBC3-6FBC32675054}.Debug|x64.ActiveCfg = Debug|x64
		{97CDF981-FA15-47B3-BBC3-6FBC32675054}.Debug|x64.Build.0 = Debug|x64
		{97CDF981-FA15-47B3-BBC3-6FBC32675054}.Debug|x86.ActiveCfg = Debug|x86
		{97CDF981-FA15-47B3-BBC3-6FBC32675054}.Debug|x86.Build.0 = Debug|x86
		{97CDF981-FA15-47B3-BBC3-6FBC32675054}.Release|Any CPU.ActiveCfg = Release|Any CPU
		{97CDF981-FA15-47B3-BBC3-6FBC32675054}.Release|Any CPU.Build.0 = Release|Any CPU
		{97CDF981-FA15-47B3-BBC3-6FBC32675054}.Release|x64.ActiveCfg = Release|x64
		{97CDF981-FA15-47B3-BBC3-6FBC32675054}.Release|x64.Build.0 = Release|x64
		{97CDF981-FA15-47B3-BBC3-6FBC32675054}.Release|x86.ActiveCfg = Release|x86
		{97CDF981-FA15-47B3-BBC3-6FBC32675054}.Release|x86.Build.0 = Release|x86
	EndGlobalSection
	GlobalSection(NestedProjects) = preSolution
		{F1BDA8E1-AFE2-412A-88BC-245F80E5C264} = {FFDDA079-A67B-4228-977F-C2AF41234A6F}
		{97CDF981-FA15-47B3-BBC3-6FBC32675054} = {F1BDA8E1-AFE2-412A-88BC-245F80E5C264}
	EndGlobalSection
EndGlobal
